
Microsoft Visual Studio Solution File, Format Version 12.00
# Visual Studio Version 16
VisualStudioVersion = 16.0.30804.86
MinimumVisualStudioVersion = 10.0.40219.1
Project("{2150E333-8FDC-42A3-9474-1A3956D46DE8}") = "src", "src", "{016E21B6-4D8E-4B72-9E29-31FBAF258D59}"
EndProject
Project("{9A19103F-16F7-4668-BE54-9A1E7A4F7556}") = "Hahn.ApplicatonProcess.December2020.Data", "Hahn.ApplicatonProcess.December2020.Data\Hahn.ApplicatonProcess.December2020.Data.csproj", "{675619A9-22C9-488D-B3F7-53189B6D2978}"
EndProject
Project("{9A19103F-16F7-4668-BE54-9A1E7A4F7556}") = "Hahn.ApplicatonProcess.December2020.Domain", "Hahn.ApplicatonProcess.December2020.Domain\Hahn.ApplicatonProcess.December2020.Domain.csproj", "{7DBEAAD2-3B69-4F88-9CA4-17B97631D25B}"
EndProject
Project("{FAE04EC0-301F-11D3-BF4B-00C04F79EFBC}") = "Hahn.ApplicatonProcess.December2020.Web", "Hahn.ApplicatonProcess.December2020.Web\Hahn.ApplicatonProcess.December2020.Web.csproj", "{024841AE-66C1-4C95-AA5F-15A76921D77B}"
EndProject
Project("{2150E333-8FDC-42A3-9474-1A3956D46DE8}") = "Solution Items", "Solution Items", "{2D501069-4C04-4358-9B24-5AB8EC2B1E4B}"
	ProjectSection(SolutionItems) = preProject
		.gitignore = .gitignore
	EndProjectSection
EndProject
Global
	GlobalSection(SolutionConfigurationPlatforms) = preSolution
		Debug|Any CPU = Debug|Any CPU
		Release|Any CPU = Release|Any CPU
	EndGlobalSection
	GlobalSection(ProjectConfigurationPlatforms) = postSolution
		{675619A9-22C9-488D-B3F7-53189B6D2978}.Debug|Any CPU.ActiveCfg = Debug|Any CPU
		{675619A9-22C9-488D-B3F7-53189B6D2978}.Debug|Any CPU.Build.0 = Debug|Any CPU
		{675619A9-22C9-488D-B3F7-53189B6D2978}.Release|Any CPU.ActiveCfg = Release|Any CPU
		{675619A9-22C9-488D-B3F7-53189B6D2978}.Release|Any CPU.Build.0 = Release|Any CPU
		{7DBEAAD2-3B69-4F88-9CA4-17B97631D25B}.Debug|Any CPU.ActiveCfg = Debug|Any CPU
		{7DBEAAD2-3B69-4F88-9CA4-17B97631D25B}.Debug|Any CPU.Build.0 = Debug|Any CPU
		{7DBEAAD2-3B69-4F88-9CA4-17B97631D25B}.Release|Any CPU.ActiveCfg = Release|Any CPU
		{7DBEAAD2-3B69-4F88-9CA4-17B97631D25B}.Release|Any CPU.Build.0 = Release|Any CPU
		{024841AE-66C1-4C95-AA5F-15A76921D77B}.Debug|Any CPU.ActiveCfg = Debug|Any CPU
		{024841AE-66C1-4C95-AA5F-15A76921D77B}.Debug|Any CPU.Build.0 = Debug|Any CPU
		{024841AE-66C1-4C95-AA5F-15A76921D77B}.Release|Any CPU.ActiveCfg = Release|Any CPU
		{024841AE-66C1-4C95-AA5F-15A76921D77B}.Release|Any CPU.Build.0 = Release|Any CPU
	EndGlobalSection
	GlobalSection(SolutionProperties) = preSolution
		HideSolutionNode = FALSE
	EndGlobalSection
	GlobalSection(NestedProjects) = preSolution
		{675619A9-22C9-488D-B3F7-53189B6D2978} = {016E21B6-4D8E-4B72-9E29-31FBAF258D59}
		{7DBEAAD2-3B69-4F88-9CA4-17B97631D25B} = {016E21B6-4D8E-4B72-9E29-31FBAF258D59}
		{024841AE-66C1-4C95-AA5F-15A76921D77B} = {016E21B6-4D8E-4B72-9E29-31FBAF258D59}
	EndGlobalSection
	GlobalSection(ExtensibilityGlobals) = postSolution
		SolutionGuid = {4B2A55AC-3B60-495E-91E8-5273353E6E62}
	EndGlobalSection
EndGlobal
